
Microsoft Visual Studio Solution File, Format Version 12.00
# Visual Studio Version 17
VisualStudioVersion = 17.4.33213.308
MinimumVisualStudioVersion = 10.0.40219.1
Project("{FAE04EC0-301F-11D3-BF4B-00C04F79EFBC}") = "Academia .NET", "Academia .NET\Academia .NET.csproj", "{7EDCCC0C-12EF-409B-9CCD-B9B83421E273}"
EndProject
Project("{FAE04EC0-301F-11D3-BF4B-00C04F79EFBC}") = "Exercicios aula 01", "Exercicios aula 01\Exercicios aula 01.csproj", "{B56F37C7-7908-462E-8545-066C06B39169}"
EndProject
Project("{FAE04EC0-301F-11D3-BF4B-00C04F79EFBC}") = "Exercicios aula 02", "Exercicios aula 02\Exercicios aula 02.csproj", "{C5F3CA80-19D1-4D7B-ACC2-C1F2481780F9}"
EndProject
Project("{FAE04EC0-301F-11D3-BF4B-00C04F79EFBC}") = "Exercicios aula 03", "Exercicios aula 03\Exercicios aula 03.csproj", "{D76EE591-0F62-4AFD-A220-861251A23907}"
EndProject
Project("{FAE04EC0-301F-11D3-BF4B-00C04F79EFBC}") = "Exercicios aula 04", "Exercicios aula 04\Exercicios aula 04.csproj", "{62E3C4DD-8C6A-45D9-AABE-431368C394C7}"
EndProject
Project("{FAE04EC0-301F-11D3-BF4B-00C04F79EFBC}") = "Exercicios aula 05", "Exercicios aula 05\Exercicios aula 05.csproj", "{02531B76-F494-4859-AEE1-784D51B2255E}"
EndProject
Project("{FAE04EC0-301F-11D3-BF4B-00C04F79EFBC}") = "Exercicios aula 06", "Exercicios aula 06\Exercicios aula 06.csproj", "{F0289851-EB6F-4D9C-85C9-F3997EC87D9A}"
EndProject
Project("{FAE04EC0-301F-11D3-BF4B-00C04F79EFBC}") = "Exercicios aula 07", "Exercicios aula 07\Exercicios aula 07.csproj", "{4ECF3888-32D8-4570-ADC6-53C1BCA4CA98}"
EndProject
Project("{FAE04EC0-301F-11D3-BF4B-00C04F79EFBC}") = "Exercicios aula 08", "Exercicios aula 08\Exercicios aula 08.csproj", "{A5538C95-DA82-4281-B723-79A714522B86}"
EndProject
Global
	GlobalSection(SolutionConfigurationPlatforms) = preSolution
		Debug|Any CPU = Debug|Any CPU
		Release|Any CPU = Release|Any CPU
	EndGlobalSection
	GlobalSection(ProjectConfigurationPlatforms) = postSolution
		{7EDCCC0C-12EF-409B-9CCD-B9B83421E273}.Debug|Any CPU.ActiveCfg = Debug|Any CPU
		{7EDCCC0C-12EF-409B-9CCD-B9B83421E273}.Debug|Any CPU.Build.0 = Debug|Any CPU
		{7EDCCC0C-12EF-409B-9CCD-B9B83421E273}.Release|Any CPU.ActiveCfg = Release|Any CPU
		{7EDCCC0C-12EF-409B-9CCD-B9B83421E273}.Release|Any CPU.Build.0 = Release|Any CPU
		{B56F37C7-7908-462E-8545-066C06B39169}.Debug|Any CPU.ActiveCfg = Debug|Any CPU
		{B56F37C7-7908-462E-8545-066C06B39169}.Debug|Any CPU.Build.0 = Debug|Any CPU
		{B56F37C7-7908-462E-8545-066C06B39169}.Release|Any CPU.ActiveCfg = Release|Any CPU
		{B56F37C7-7908-462E-8545-066C06B39169}.Release|Any CPU.Build.0 = Release|Any CPU
		{C5F3CA80-19D1-4D7B-ACC2-C1F2481780F9}.Debug|Any CPU.ActiveCfg = Debug|Any CPU
		{C5F3CA80-19D1-4D7B-ACC2-C1F2481780F9}.Debug|Any CPU.Build.0 = Debug|Any CPU
		{C5F3CA80-19D1-4D7B-ACC2-C1F2481780F9}.Release|Any CPU.ActiveCfg = Release|Any CPU
		{C5F3CA80-19D1-4D7B-ACC2-C1F2481780F9}.Release|Any CPU.Build.0 = Release|Any CPU
		{D76EE591-0F62-4AFD-A220-861251A23907}.Debug|Any CPU.ActiveCfg = Debug|Any CPU
		{D76EE591-0F62-4AFD-A220-861251A23907}.Debug|Any CPU.Build.0 = Debug|Any CPU
		{D76EE591-0F62-4AFD-A220-861251A23907}.Release|Any CPU.ActiveCfg = Release|Any CPU
		{D76EE591-0F62-4AFD-A220-861251A23907}.Release|Any CPU.Build.0 = Release|Any CPU
		{62E3C4DD-8C6A-45D9-AABE-431368C394C7}.Debug|Any CPU.ActiveCfg = Debug|Any CPU
		{62E3C4DD-8C6A-45D9-AABE-431368C394C7}.Debug|Any CPU.Build.0 = Debug|Any CPU
		{62E3C4DD-8C6A-45D9-AABE-431368C394C7}.Release|Any CPU.ActiveCfg = Release|Any CPU
		{62E3C4DD-8C6A-45D9-AABE-431368C394C7}.Release|Any CPU.Build.0 = Release|Any CPU
		{02531B76-F494-4859-AEE1-784D51B2255E}.Debug|Any CPU.ActiveCfg = Debug|Any CPU
		{02531B76-F494-4859-AEE1-784D51B2255E}.Debug|Any CPU.Build.0 = Debug|Any CPU
		{02531B76-F494-4859-AEE1-784D51B2255E}.Release|Any CPU.ActiveCfg = Release|Any CPU
		{02531B76-F494-4859-AEE1-784D51B2255E}.Release|Any CPU.Build.0 = Release|Any CPU
		{F0289851-EB6F-4D9C-85C9-F3997EC87D9A}.Debug|Any CPU.ActiveCfg = Debug|Any CPU
		{F0289851-EB6F-4D9C-85C9-F3997EC87D9A}.Debug|Any CPU.Build.0 = Debug|Any CPU
		{F0289851-EB6F-4D9C-85C9-F3997EC87D9A}.Release|Any CPU.ActiveCfg = Release|Any CPU
		{F0289851-EB6F-4D9C-85C9-F3997EC87D9A}.Release|Any CPU.Build.0 = Release|Any CPU
		{4ECF3888-32D8-4570-ADC6-53C1BCA4CA98}.Debug|Any CPU.ActiveCfg = Debug|Any CPU
		{4ECF3888-32D8-4570-ADC6-53C1BCA4CA98}.Debug|Any CPU.Build.0 = Debug|Any CPU
		{4ECF3888-32D8-4570-ADC6-53C1BCA4CA98}.Release|Any CPU.ActiveCfg = Release|Any CPU
		{4ECF3888-32D8-4570-ADC6-53C1BCA4CA98}.Release|Any CPU.Build.0 = Release|Any CPU
		{A5538C95-DA82-4281-B723-79A714522B86}.Debug|Any CPU.ActiveCfg = Debug|Any CPU
		{A5538C95-DA82-4281-B723-79A714522B86}.Debug|Any CPU.Build.0 = Debug|Any CPU
		{A5538C95-DA82-4281-B723-79A714522B86}.Release|Any CPU.ActiveCfg = Release|Any CPU
		{A5538C95-DA82-4281-B723-79A714522B86}.Release|Any CPU.Build.0 = Release|Any CPU
	EndGlobalSection
	GlobalSection(SolutionProperties) = preSolution
		HideSolutionNode = FALSE
	EndGlobalSection
	GlobalSection(ExtensibilityGlobals) = postSolution
		SolutionGuid = {E8352E13-DD50-4C7E-BF9E-DFF2E7EBD089}
	EndGlobalSection
EndGlobal
